
Microsoft Visual Studio Solution File, Format Version 12.00
# Visual Studio Version 17
VisualStudioVersion = 17.4.33213.308
MinimumVisualStudioVersion = 10.0.40219.1
Project("{FAE04EC0-301F-11D3-BF4B-00C04F79EFBC}") = "lab07.Android", "lab07\lab07.Android\lab07.Android.csproj", "{09E20678-B9D2-4032-8650-3E1348CA7390}"
EndProject
Project("{FAE04EC0-301F-11D3-BF4B-00C04F79EFBC}") = "lab07.iOS", "lab07\lab07.iOS\lab07.iOS.csproj", "{4719E7F7-338D-48D0-A500-AF88ACE552D4}"
EndProject
Project("{FAE04EC0-301F-11D3-BF4B-00C04F79EFBC}") = "lab07", "lab07\lab07\lab07.csproj", "{0A412FCD-4664-4494-B0EB-FCDCEDCF5911}"
EndProject
Global
	GlobalSection(SolutionConfigurationPlatforms) = preSolution
		Debug|Any CPU = Debug|Any CPU
		Debug|iPhone = Debug|iPhone
		Debug|iPhoneSimulator = Debug|iPhoneSimulator
		Release|Any CPU = Release|Any CPU
		Release|iPhone = Release|iPhone
		Release|iPhoneSimulator = Release|iPhoneSimulator
	EndGlobalSection
	GlobalSection(ProjectConfigurationPlatforms) = postSolution
		{09E20678-B9D2-4032-8650-3E1348CA7390}.Debug|Any CPU.ActiveCfg = Debug|Any CPU
		{09E20678-B9D2-4032-8650-3E1348CA7390}.Debug|Any CPU.Build.0 = Debug|Any CPU
		{09E20678-B9D2-4032-8650-3E1348CA7390}.Debug|Any CPU.Deploy.0 = Debug|Any CPU
		{09E20678-B9D2-4032-8650-3E1348CA7390}.Debug|iPhone.ActiveCfg = Debug|Any CPU
		{09E20678-B9D2-4032-8650-3E1348CA7390}.Debug|iPhone.Build.0 = Debug|Any CPU
		{09E20678-B9D2-4032-8650-3E1348CA7390}.Debug|iPhone.Deploy.0 = Debug|Any CPU
		{09E20678-B9D2-4032-8650-3E1348CA7390}.Debug|iPhoneSimulator.ActiveCfg = Debug|Any CPU
		{09E20678-B9D2-4032-8650-3E1348CA7390}.Debug|iPhoneSimulator.Build.0 = Debug|Any CPU
		{09E20678-B9D2-4032-8650-3E1348CA7390}.Debug|iPhoneSimulator.Deploy.0 = Debug|Any CPU
		{09E20678-B9D2-4032-8650-3E1348CA7390}.Release|Any CPU.ActiveCfg = Release|Any CPU
		{09E20678-B9D2-4032-8650-3E1348CA7390}.Release|Any CPU.Build.0 = Release|Any CPU
		{09E20678-B9D2-4032-8650-3E1348CA7390}.Release|Any CPU.Deploy.0 = Release|Any CPU
		{09E20678-B9D2-4032-8650-3E1348CA7390}.Release|iPhone.ActiveCfg = Release|Any CPU
		{09E20678-B9D2-4032-8650-3E1348CA7390}.Release|iPhone.Build.0 = Release|Any CPU
		{09E20678-B9D2-4032-8650-3E1348CA7390}.Release|iPhone.Deploy.0 = Release|Any CPU
		{09E20678-B9D2-4032-8650-3E1348CA7390}.Release|iPhoneSimulator.ActiveCfg = Release|Any CPU
		{09E20678-B9D2-4032-8650-3E1348CA7390}.Release|iPhoneSimulator.Build.0 = Release|Any CPU
		{09E20678-B9D2-4032-8650-3E1348CA7390}.Release|iPhoneSimulator.Deploy.0 = Release|Any CPU
		{4719E7F7-338D-48D0-A500-AF88ACE552D4}.Debug|Any CPU.ActiveCfg = Debug|iPhone
		{4719E7F7-338D-48D0-A500-AF88ACE552D4}.Debug|Any CPU.Build.0 = Debug|iPhone
		{4719E7F7-338D-48D0-A500-AF88ACE552D4}.Debug|Any CPU.Deploy.0 = Debug|iPhone
		{4719E7F7-338D-48D0-A500-AF88ACE552D4}.Debug|iPhone.ActiveCfg = Debug|iPhone
		{4719E7F7-338D-48D0-A500-AF88ACE552D4}.Debug|iPhone.Build.0 = Debug|iPhone
		{4719E7F7-338D-48D0-A500-AF88ACE552D4}.Debug|iPhone.Deploy.0 = Debug|iPhone
		{4719E7F7-338D-48D0-A500-AF88ACE552D4}.Debug|iPhoneSimulator.ActiveCfg = Debug|iPhoneSimulator
		{4719E7F7-338D-48D0-A500-AF88ACE552D4}.Debug|iPhoneSimulator.Build.0 = Debug|iPhoneSimulator
		{4719E7F7-338D-48D0-A500-AF88ACE552D4}.Debug|iPhoneSimulator.Deploy.0 = Debug|iPhoneSimulator
		{4719E7F7-338D-48D0-A500-AF88ACE552D4}.Release|Any CPU.ActiveCfg = Release|iPhoneSimulator
		{4719E7F7-338D-48D0-A500-AF88ACE552D4}.Release|Any CPU.Build.0 = Release|iPhoneSimulator
		{4719E7F7-338D-48D0-A500-AF88ACE552D4}.Release|Any CPU.Deploy.0 = Release|iPhoneSimulator
		{4719E7F7-338D-48D0-A500-AF88ACE552D4}.Release|iPhone.ActiveCfg = Release|iPhone
		{4719E7F7-338D-48D0-A500-AF88ACE552D4}.Release|iPhone.Build.0 = Release|iPhone
		{4719E7F7-338D-48D0-A500-AF88ACE552D4}.Release|iPhone.Deploy.0 = Release|iPhone
		{4719E7F7-338D-48D0-A500-AF88ACE552D4}.Release|iPhoneSimulator.ActiveCfg = Release|iPhoneSimulator
		{4719E7F7-338D-48D0-A500-AF88ACE552D4}.Release|iPhoneSimulator.Build.0 = Release|iPhoneSimulator
		{4719E7F7-338D-48D0-A500-AF88ACE552D4}.Release|iPhoneSimulator.Deploy.0 = Release|iPhoneSimulator
		{0A412FCD-4664-4494-B0EB-FCDCEDCF5911}.Debug|Any CPU.ActiveCfg = Debug|Any CPU
		{0A412FCD-4664-4494-B0EB-FCDCEDCF5911}.Debug|Any CPU.Build.0 = Debug|Any CPU
		{0A412FCD-4664-4494-B0EB-FCDCEDCF5911}.Debug|Any CPU.Deploy.0 = Debug|Any CPU
		{0A412FCD-4664-4494-B0EB-FCDCEDCF5911}.Debug|iPhone.ActiveCfg = Debug|Any CPU
		{0A412FCD-4664-4494-B0EB-FCDCEDCF5911}.Debug|iPhone.Build.0 = Debug|Any CPU
		{0A412FCD-4664-4494-B0EB-FCDCEDCF5911}.Debug|iPhone.Deploy.0 = Debug|Any CPU
		{0A412FCD-4664-4494-B0EB-FCDCEDCF5911}.Debug|iPhoneSimulator.ActiveCfg = Debug|Any CPU
		{0A412FCD-4664-4494-B0EB-FCDCEDCF5911}.Debug|iPhoneSimulator.Build.0 = Debug|Any CPU
		{0A412FCD-4664-4494-B0EB-FCDCEDCF5911}.Debug|iPhoneSimulator.Deploy.0 = Debug|Any CPU
		{0A412FCD-4664-4494-B0EB-FCDCEDCF5911}.Release|Any CPU.ActiveCfg = Release|Any CPU
		{0A412FCD-4664-4494-B0EB-FCDCEDCF5911}.Release|Any CPU.Build.0 = Release|Any CPU
		{0A412FCD-4664-4494-B0EB-FCDCEDCF5911}.Release|Any CPU.Deploy.0 = Release|Any CPU
		{0A412FCD-4664-4494-B0EB-FCDCEDCF5911}.Release|iPhone.ActiveCfg = Release|Any CPU
		{0A412FCD-4664-4494-B0EB-FCDCEDCF5911}.Release|iPhone.Build.0 = Release|Any CPU
		{0A412FCD-4664-4494-B0EB-FCDCEDCF5911}.Release|iPhone.Deploy.0 = Release|Any CPU
		{0A412FCD-4664-4494-B0EB-FCDCEDCF5911}.Release|iPhoneSimulator.ActiveCfg = Release|Any CPU
		{0A412FCD-4664-4494-B0EB-FCDCEDCF5911}.Release|iPhoneSimulator.Build.0 = Release|Any CPU
		{0A412FCD-4664-4494-B0EB-FCDCEDCF5911}.Release|iPhoneSimulator.Deploy.0 = Release|Any CPU
	EndGlobalSection
	GlobalSection(SolutionProperties) = preSolution
		HideSolutionNode = FALSE
	EndGlobalSection
	GlobalSection(ExtensibilityGlobals) = postSolution
		SolutionGuid = {9FCEF2A1-B585-4CF5-B6C1-47FFDFF0D827}
	EndGlobalSection
EndGlobal
